
Microsoft Visual Studio Solution File, Format Version 12.00
# Visual Studio Version 17
VisualStudioVersion = 17.14.36221.1
MinimumVisualStudioVersion = 10.0.40219.1
Project("{2150E333-8FDC-42A3-9474-1A3956D46DE8}") = "Solution Items", "Solution Items", "{8EC462FD-D22E-90A8-E5CE-7E832BA40C5D}"
	ProjectSection(SolutionItems) = preProject
		.gitignore = .gitignore
		demo.png = demo.png
		LICENSE = LICENSE
		Notes.txt = Notes.txt
		PreparePublicSnapshot.ps1 = PreparePublicSnapshot.ps1
		README.md = README.md
	EndProjectSection
EndProject
Project("{FAE04EC0-301F-11D3-BF4B-00C04F79EFBC}") = "AssistantEngine.App", "AssistantEngine.App\AssistantEngine.App.csproj", "{73558916-05ED-8429-041D-E482E43A410E}"
EndProject
Project("{FAE04EC0-301F-11D3-BF4B-00C04F79EFBC}") = "AssistantEngine.UI", "AssistantEngine.UI\AssistantEngine.UI.csproj", "{96A4B147-F840-2C5C-579E-C260BF8B8B05}"
EndProject
Project("{FAE04EC0-301F-11D3-BF4B-00C04F79EFBC}") = "AssistantEngine.Web", "AssistantEngine.Web\AssistantEngine.Web.csproj", "{5F43337E-75A7-9278-9705-E2167EA4003B}"
EndProject
Project("{FAE04EC0-301F-11D3-BF4B-00C04F79EFBC}") = "AssistantEngine.Console", "AssistantEngine.Console\AssistantEngine.Console.csproj", "{3365360F-5A4B-4495-A645-31F493258F3A}"
EndProject
Global
	GlobalSection(SolutionConfigurationPlatforms) = preSolution
		Debug|Any CPU = Debug|Any CPU
		Debug|x64 = Debug|x64
		Release|Any CPU = Release|Any CPU
		Release|x64 = Release|x64
	EndGlobalSection
	GlobalSection(ProjectConfigurationPlatforms) = postSolution
		{73558916-05ED-8429-041D-E482E43A410E}.Debug|Any CPU.ActiveCfg = Debug|Any CPU
		{73558916-05ED-8429-041D-E482E43A410E}.Debug|Any CPU.Build.0 = Debug|Any CPU
		{73558916-05ED-8429-041D-E482E43A410E}.Debug|x64.ActiveCfg = Debug|x64
		{73558916-05ED-8429-041D-E482E43A410E}.Debug|x64.Build.0 = Debug|x64
		{73558916-05ED-8429-041D-E482E43A410E}.Release|Any CPU.ActiveCfg = Release|Any CPU
		{73558916-05ED-8429-041D-E482E43A410E}.Release|Any CPU.Build.0 = Release|Any CPU
		{73558916-05ED-8429-041D-E482E43A410E}.Release|x64.ActiveCfg = Release|x64
		{73558916-05ED-8429-041D-E482E43A410E}.Release|x64.Build.0 = Release|x64
		{96A4B147-F840-2C5C-579E-C260BF8B8B05}.Debug|Any CPU.ActiveCfg = Debug|Any CPU
		{96A4B147-F840-2C5C-579E-C260BF8B8B05}.Debug|Any CPU.Build.0 = Debug|Any CPU
		{96A4B147-F840-2C5C-579E-C260BF8B8B05}.Debug|x64.ActiveCfg = Debug|Any CPU
		{96A4B147-F840-2C5C-579E-C260BF8B8B05}.Debug|x64.Build.0 = Debug|Any CPU
		{96A4B147-F840-2C5C-579E-C260BF8B8B05}.Release|Any CPU.ActiveCfg = Release|Any CPU
		{96A4B147-F840-2C5C-579E-C260BF8B8B05}.Release|Any CPU.Build.0 = Release|Any CPU
		{96A4B147-F840-2C5C-579E-C260BF8B8B05}.Release|x64.ActiveCfg = Release|Any CPU
		{96A4B147-F840-2C5C-579E-C260BF8B8B05}.Release|x64.Build.0 = Release|Any CPU
		{5F43337E-75A7-9278-9705-E2167EA4003B}.Debug|Any CPU.ActiveCfg = Debug|Any CPU
		{5F43337E-75A7-9278-9705-E2167EA4003B}.Debug|Any CPU.Build.0 = Debug|Any CPU
		{5F43337E-75A7-9278-9705-E2167EA4003B}.Debug|x64.ActiveCfg = Debug|Any CPU
		{5F43337E-75A7-9278-9705-E2167EA4003B}.Debug|x64.Build.0 = Debug|Any CPU
		{5F43337E-75A7-9278-9705-E2167EA4003B}.Release|Any CPU.ActiveCfg = Release|Any CPU
		{5F43337E-75A7-9278-9705-E2167EA4003B}.Release|Any CPU.Build.0 = Release|Any CPU
		{5F43337E-75A7-9278-9705-E2167EA4003B}.Release|x64.ActiveCfg = Release|Any CPU
		{5F43337E-75A7-9278-9705-E2167EA4003B}.Release|x64.Build.0 = Release|Any CPU
		{3365360F-5A4B-4495-A645-31F493258F3A}.Debug|Any CPU.ActiveCfg = Debug|Any CPU
		{3365360F-5A4B-4495-A645-31F493258F3A}.Debug|Any CPU.Build.0 = Debug|Any CPU
		{3365360F-5A4B-4495-A645-31F493258F3A}.Debug|x64.ActiveCfg = Debug|Any CPU
		{3365360F-5A4B-4495-A645-31F493258F3A}.Debug|x64.Build.0 = Debug|Any CPU
		{3365360F-5A4B-4495-A645-31F493258F3A}.Release|Any CPU.ActiveCfg = Release|Any CPU
		{3365360F-5A4B-4495-A645-31F493258F3A}.Release|Any CPU.Build.0 = Release|Any CPU
		{3365360F-5A4B-4495-A645-31F493258F3A}.Release|x64.ActiveCfg = Release|Any CPU
		{3365360F-5A4B-4495-A645-31F493258F3A}.Release|x64.Build.0 = Release|Any CPU
	EndGlobalSection
	GlobalSection(SolutionProperties) = preSolution
		HideSolutionNode = FALSE
	EndGlobalSection
	GlobalSection(ExtensibilityGlobals) = postSolution
		SolutionGuid = {86577ED7-5DE0-4E3A-B3DA-2FF9078AC593}
	EndGlobalSection
EndGlobal
